
Microsoft Visual Studio Solution File, Format Version 12.00
# Visual Studio Version 17
VisualStudioVersion = 17.0.31903.59
MinimumVisualStudioVersion = 10.0.40219.1
Project("{2150E333-8FDC-42A3-9474-1A3956D46DE8}") = "src", "src", "{66A4096E-71E6-4883-A1CE-6E1D6D94B748}"
EndProject
Project("{FAE04EC0-301F-11D3-BF4B-00C04F79EFBC}") = "NikiAI.Agent", "src\NikiAI.Agent\NikiAI.Agent.csproj", "{50650065-A8C6-445A-ADEC-80C43DF49FFF}"
EndProject
Project("{FAE04EC0-301F-11D3-BF4B-00C04F79EFBC}") = "NikiAI.App", "src\NikiAI.App\NikiAI.App.csproj", "{1C24C865-7EAE-489E-80CA-0B7EEA945E69}"
EndProject
Project("{FAE04EC0-301F-11D3-BF4B-00C04F79EFBC}") = "NikiAI.Automation", "src\NikiAI.Automation\NikiAI.Automation.csproj", "{1A6FABFD-5429-47C3-BCD4-941F0361B393}"
EndProject
Project("{FAE04EC0-301F-11D3-BF4B-00C04F79EFBC}") = "NikiAI.Browser", "src\NikiAI.Browser\NikiAI.Browser.csproj", "{E2178093-3508-489D-918F-657F815185E9}"
EndProject
Project("{FAE04EC0-301F-11D3-BF4B-00C04F79EFBC}") = "NikiAI.Character", "src\NikiAI.Character\NikiAI.Character.csproj", "{8702F95C-D264-4B3A-919E-AAF03573FB48}"
EndProject
Project("{FAE04EC0-301F-11D3-BF4B-00C04F79EFBC}") = "NikiAI.Core", "src\NikiAI.Core\NikiAI.Core.csproj", "{FBA52048-44B1-4090-B223-53DC2F883022}"
EndProject
Project("{FAE04EC0-301F-11D3-BF4B-00C04F79EFBC}") = "NikiAI.Memory", "src\NikiAI.Memory\NikiAI.Memory.csproj", "{449BF709-5F93-4B71-8B13-B246563B0808}"
EndProject
Project("{FAE04EC0-301F-11D3-BF4B-00C04F79EFBC}") = "NikiAI.Notifications", "src\NikiAI.Notifications\NikiAI.Notifications.csproj", "{BE5BEB8F-9CDC-4210-A234-E6D5EBD15B8D}"
EndProject
Project("{FAE04EC0-301F-11D3-BF4B-00C04F79EFBC}") = "NikiAI.Scheduler", "src\NikiAI.Scheduler\NikiAI.Scheduler.csproj", "{D701495C-4C93-4059-AB21-B31B5A8FC980}"
EndProject
Project("{FAE04EC0-301F-11D3-BF4B-00C04F79EFBC}") = "NikiAI.Security", "src\NikiAI.Security\NikiAI.Security.csproj", "{D975F3C7-4181-4205-85ED-54E4CCF2A223}"
EndProject
Project("{FAE04EC0-301F-11D3-BF4B-00C04F79EFBC}") = "NikiAI.Storage", "src\NikiAI.Storage\NikiAI.Storage.csproj", "{DB5D2A63-260B-4F2F-9536-5341736DB90F}"
EndProject
Project("{FAE04EC0-301F-11D3-BF4B-00C04F79EFBC}") = "NikiAI.Tools", "src\NikiAI.Tools\NikiAI.Tools.csproj", "{736A0708-DC2C-4A10-A4A7-09739ADB890F}"
EndProject
Project("{FAE04EC0-301F-11D3-BF4B-00C04F79EFBC}") = "NikiAI.Widgets", "src\NikiAI.Widgets\NikiAI.Widgets.csproj", "{C7CF9920-81ED-494B-A7FA-F4475BB760C5}"
EndProject
Project("{2150E333-8FDC-42A3-9474-1A3956D46DE8}") = "tests", "tests", "{38F367B8-89B1-4EA4-A832-12A68165F4DF}"
EndProject
Project("{FAE04EC0-301F-11D3-BF4B-00C04F79EFBC}") = "NikiAI.Agent.Tests", "tests\NikiAI.Agent.Tests\NikiAI.Agent.Tests.csproj", "{549E8CE1-2991-45BF-857C-E713CA1A09E0}"
EndProject
Project("{FAE04EC0-301F-11D3-BF4B-00C04F79EFBC}") = "NikiAI.Automation.Tests", "tests\NikiAI.Automation.Tests\NikiAI.Automation.Tests.csproj", "{F712B2FE-8AB6-45B4-A41B-95A414E81029}"
EndProject
Project("{FAE04EC0-301F-11D3-BF4B-00C04F79EFBC}") = "NikiAI.Browser.Tests", "tests\NikiAI.Browser.Tests\NikiAI.Browser.Tests.csproj", "{97123CBB-2CC2-4696-AAEE-C4597CDFF2B7}"
EndProject
Project("{FAE04EC0-301F-11D3-BF4B-00C04F79EFBC}") = "NikiAI.Core.Tests", "tests\NikiAI.Core.Tests\NikiAI.Core.Tests.csproj", "{97BA2E0B-7191-4797-8721-8E73624F19E9}"
EndProject
Project("{FAE04EC0-301F-11D3-BF4B-00C04F79EFBC}") = "NikiAI.Scheduler.Tests", "tests\NikiAI.Scheduler.Tests\NikiAI.Scheduler.Tests.csproj", "{3501EAC5-7FF2-48C4-A06A-86E0C375C1C3}"
EndProject
Project("{FAE04EC0-301F-11D3-BF4B-00C04F79EFBC}") = "NikiAI.Security.Tests", "tests\NikiAI.Security.Tests\NikiAI.Security.Tests.csproj", "{C30EBFCE-3B7B-4047-B0F7-5C75188C1AE7}"
EndProject
Project("{FAE04EC0-301F-11D3-BF4B-00C04F79EFBC}") = "NikiAI.Character.Tests", "tests\NikiAI.Character.Tests\NikiAI.Character.Tests.csproj", "{FBC46F44-6C70-4BDF-AE0D-BFCD0831807A}"
EndProject
Project("{FAE04EC0-301F-11D3-BF4B-00C04F79EFBC}") = "NikiAI.Storage.Tests", "tests\NikiAI.Storage.Tests\NikiAI.Storage.Tests.csproj", "{74F8BD40-8010-4C23-9D6B-934830E7F0BD}"
EndProject
Project("{FAE04EC0-301F-11D3-BF4B-00C04F79EFBC}") = "NikiAI.Tools.Tests", "tests\NikiAI.Tools.Tests\NikiAI.Tools.Tests.csproj", "{8B376B6A-1257-4A27-A248-D58DC7F4C56C}"
EndProject
Project("{FAE04EC0-301F-11D3-BF4B-00C04F79EFBC}") = "NikiAI.Memory.Tests", "tests\NikiAI.Memory.Tests\NikiAI.Memory.Tests.csproj", "{6732112E-F742-4C3C-A884-141A5C0305EA}"
EndProject
Project("{FAE04EC0-301F-11D3-BF4B-00C04F79EFBC}") = "NikiAI.Widgets.Tests", "tests\NikiAI.Widgets.Tests\NikiAI.Widgets.Tests.csproj", "{2C063F12-B096-472D-80B5-0FEB04B154AA}"
EndProject
Project("{FAE04EC0-301F-11D3-BF4B-00C04F79EFBC}") = "NikiAI.Voice", "src\NikiAI.Voice\NikiAI.Voice.csproj", "{02008A52-439D-4B26-BD18-764FCD85DADD}"
EndProject
Project("{FAE04EC0-301F-11D3-BF4B-00C04F79EFBC}") = "NikiAI.Voice.Tests", "tests\NikiAI.Voice.Tests\NikiAI.Voice.Tests.csproj", "{92DF0EA7-2C3A-470F-AE29-CA106D2BD5EC}"
EndProject
Project("{FAE04EC0-301F-11D3-BF4B-00C04F79EFBC}") = "NikiAI.Workflows", "src\NikiAI.Workflows\NikiAI.Workflows.csproj", "{EA51751B-86D6-4028-850A-C55E519F146A}"
EndProject
Project("{FAE04EC0-301F-11D3-BF4B-00C04F79EFBC}") = "NikiAI.Workflows.Tests", "tests\NikiAI.Workflows.Tests\NikiAI.Workflows.Tests.csproj", "{683D28B9-C9AA-48D6-9BD2-153F4B41474D}"
EndProject
Global
	GlobalSection(SolutionConfigurationPlatforms) = preSolution
		Debug|Any CPU = Debug|Any CPU
		Release|Any CPU = Release|Any CPU
	EndGlobalSection
	GlobalSection(SolutionProperties) = preSolution
		HideSolutionNode = FALSE
	EndGlobalSection
	GlobalSection(ProjectConfigurationPlatforms) = postSolution
		{50650065-A8C6-445A-ADEC-80C43DF49FFF}.Debug|Any CPU.ActiveCfg = Debug|Any CPU
		{50650065-A8C6-445A-ADEC-80C43DF49FFF}.Debug|Any CPU.Build.0 = Debug|Any CPU
		{50650065-A8C6-445A-ADEC-80C43DF49FFF}.Release|Any CPU.ActiveCfg = Release|Any CPU
		{50650065-A8C6-445A-ADEC-80C43DF49FFF}.Release|Any CPU.Build.0 = Release|Any CPU
		{1C24C865-7EAE-489E-80CA-0B7EEA945E69}.Debug|Any CPU.ActiveCfg = Debug|Any CPU
		{1C24C865-7EAE-489E-80CA-0B7EEA945E69}.Debug|Any CPU.Build.0 = Debug|Any CPU
		{1C24C865-7EAE-489E-80CA-0B7EEA945E69}.Release|Any CPU.ActiveCfg = Release|Any CPU
		{1C24C865-7EAE-489E-80CA-0B7EEA945E69}.Release|Any CPU.Build.0 = Release|Any CPU
		{1A6FABFD-5429-47C3-BCD4-941F0361B393}.Debug|Any CPU.ActiveCfg = Debug|Any CPU
		{1A6FABFD-5429-47C3-BCD4-941F0361B393}.Debug|Any CPU.Build.0 = Debug|Any CPU
		{1A6FABFD-5429-47C3-BCD4-941F0361B393}.Release|Any CPU.ActiveCfg = Release|Any CPU
		{1A6FABFD-5429-47C3-BCD4-941F0361B393}.Release|Any CPU.Build.0 = Release|Any CPU
		{E2178093-3508-489D-918F-657F815185E9}.Debug|Any CPU.ActiveCfg = Debug|Any CPU
		{E2178093-3508-489D-918F-657F815185E9}.Debug|Any CPU.Build.0 = Debug|Any CPU
		{E2178093-3508-489D-918F-657F815185E9}.Release|Any CPU.ActiveCfg = Release|Any CPU
		{E2178093-3508-489D-918F-657F815185E9}.Release|Any CPU.Build.0 = Release|Any CPU
		{8702F95C-D264-4B3A-919E-AAF03573FB48}.Debug|Any CPU.ActiveCfg = Debug|Any CPU
		{8702F95C-D264-4B3A-919E-AAF03573FB48}.Debug|Any CPU.Build.0 = Debug|Any CPU
		{8702F95C-D264-4B3A-919E-AAF03573FB48}.Release|Any CPU.ActiveCfg = Release|Any CPU
		{8702F95C-D264-4B3A-919E-AAF03573FB48}.Release|Any CPU.Build.0 = Release|Any CPU
		{FBA52048-44B1-4090-B223-53DC2F883022}.Debug|Any CPU.ActiveCfg = Debug|Any CPU
		{FBA52048-44B1-4090-B223-53DC2F883022}.Debug|Any CPU.Build.0 = Debug|Any CPU
		{FBA52048-44B1-4090-B223-53DC2F883022}.Release|Any CPU.ActiveCfg = Release|Any CPU
		{FBA52048-44B1-4090-B223-53DC2F883022}.Release|Any CPU.Build.0 = Release|Any CPU
		{449BF709-5F93-4B71-8B13-B246563B0808}.Debug|Any CPU.ActiveCfg = Debug|Any CPU
		{449BF709-5F93-4B71-8B13-B246563B0808}.Debug|Any CPU.Build.0 = Debug|Any CPU
		{449BF709-5F93-4B71-8B13-B246563B0808}.Release|Any CPU.ActiveCfg = Release|Any CPU
		{449BF709-5F93-4B71-8B13-B246563B0808}.Release|Any CPU.Build.0 = Release|Any CPU
		{BE5BEB8F-9CDC-4210-A234-E6D5EBD15B8D}.Debug|Any CPU.ActiveCfg = Debug|Any CPU
		{BE5BEB8F-9CDC-4210-A234-E6D5EBD15B8D}.Debug|Any CPU.Build.0 = Debug|Any CPU
		{BE5BEB8F-9CDC-4210-A234-E6D5EBD15B8D}.Release|Any CPU.ActiveCfg = Release|Any CPU
		{BE5BEB8F-9CDC-4210-A234-E6D5EBD15B8D}.Release|Any CPU.Build.0 = Release|Any CPU
		{D701495C-4C93-4059-AB21-B31B5A8FC980}.Debug|Any CPU.ActiveCfg = Debug|Any CPU
		{D701495C-4C93-4059-AB21-B31B5A8FC980}.Debug|Any CPU.Build.0 = Debug|Any CPU
		{D701495C-4C93-4059-AB21-B31B5A8FC980}.Release|Any CPU.ActiveCfg = Release|Any CPU
		{D701495C-4C93-4059-AB21-B31B5A8FC980}.Release|Any CPU.Build.0 = Release|Any CPU
		{D975F3C7-4181-4205-85ED-54E4CCF2A223}.Debug|Any CPU.ActiveCfg = Debug|Any CPU
		{D975F3C7-4181-4205-85ED-54E4CCF2A223}.Debug|Any CPU.Build.0 = Debug|Any CPU
		{D975F3C7-4181-4205-85ED-54E4CCF2A223}.Release|Any CPU.ActiveCfg = Release|Any CPU
		{D975F3C7-4181-4205-85ED-54E4CCF2A223}.Release|Any CPU.Build.0 = Release|Any CPU
		{DB5D2A63-260B-4F2F-9536-5341736DB90F}.Debug|Any CPU.ActiveCfg = Debug|Any CPU
		{DB5D2A63-260B-4F2F-9536-5341736DB90F}.Debug|Any CPU.Build.0 = Debug|Any CPU
		{DB5D2A63-260B-4F2F-9536-5341736DB90F}.Release|Any CPU.ActiveCfg = Release|Any CPU
		{DB5D2A63-260B-4F2F-9536-5341736DB90F}.Release|Any CPU.Build.0 = Release|Any CPU
		{736A0708-DC2C-4A10-A4A7-09739ADB890F}.Debug|Any CPU.ActiveCfg = Debug|Any CPU
		{736A0708-DC2C-4A10-A4A7-09739ADB890F}.Debug|Any CPU.Build.0 = Debug|Any CPU
		{736A0708-DC2C-4A10-A4A7-09739ADB890F}.Release|Any CPU.ActiveCfg = Release|Any CPU
		{736A0708-DC2C-4A10-A4A7-09739ADB890F}.Release|Any CPU.Build.0 = Release|Any CPU
		{C7CF9920-81ED-494B-A7FA-F4475BB760C5}.Debug|Any CPU.ActiveCfg = Debug|Any CPU
		{C7CF9920-81ED-494B-A7FA-F4475BB760C5}.Debug|Any CPU.Build.0 = Debug|Any CPU
		{C7CF9920-81ED-494B-A7FA-F4475BB760C5}.Release|Any CPU.ActiveCfg = Release|Any CPU
		{C7CF9920-81ED-494B-A7FA-F4475BB760C5}.Release|Any CPU.Build.0 = Release|Any CPU
		{549E8CE1-2991-45BF-857C-E713CA1A09E0}.Debug|Any CPU.ActiveCfg = Debug|Any CPU
		{549E8CE1-2991-45BF-857C-E713CA1A09E0}.Debug|Any CPU.Build.0 = Debug|Any CPU
		{549E8CE1-2991-45BF-857C-E713CA1A09E0}.Release|Any CPU.ActiveCfg = Release|Any CPU
		{549E8CE1-2991-45BF-857C-E713CA1A09E0}.Release|Any CPU.Build.0 = Release|Any CPU
		{F712B2FE-8AB6-45B4-A41B-95A414E81029}.Debug|Any CPU.ActiveCfg = Debug|Any CPU
		{F712B2FE-8AB6-45B4-A41B-95A414E81029}.Debug|Any CPU.Build.0 = Debug|Any CPU
		{F712B2FE-8AB6-45B4-A41B-95A414E81029}.Release|Any CPU.ActiveCfg = Release|Any CPU
		{F712B2FE-8AB6-45B4-A41B-95A414E81029}.Release|Any CPU.Build.0 = Release|Any CPU
		{97123CBB-2CC2-4696-AAEE-C4597CDFF2B7}.Debug|Any CPU.ActiveCfg = Debug|Any CPU
		{97123CBB-2CC2-4696-AAEE-C4597CDFF2B7}.Debug|Any CPU.Build.0 = Debug|Any CPU
		{97123CBB-2CC2-4696-AAEE-C4597CDFF2B7}.Release|Any CPU.ActiveCfg = Release|Any CPU
		{97123CBB-2CC2-4696-AAEE-C4597CDFF2B7}.Release|Any CPU.Build.0 = Release|Any CPU
		{97BA2E0B-7191-4797-8721-8E73624F19E9}.Debug|Any CPU.ActiveCfg = Debug|Any CPU
		{97BA2E0B-7191-4797-8721-8E73624F19E9}.Debug|Any CPU.Build.0 = Debug|Any CPU
		{97BA2E0B-7191-4797-8721-8E73624F19E9}.Release|Any CPU.ActiveCfg = Release|Any CPU
		{97BA2E0B-7191-4797-8721-8E73624F19E9}.Release|Any CPU.Build.0 = Release|Any CPU
		{3501EAC5-7FF2-48C4-A06A-86E0C375C1C3}.Debug|Any CPU.ActiveCfg = Debug|Any CPU
		{3501EAC5-7FF2-48C4-A06A-86E0C375C1C3}.Debug|Any CPU.Build.0 = Debug|Any CPU
		{3501EAC5-7FF2-48C4-A06A-86E0C375C1C3}.Release|Any CPU.ActiveCfg = Release|Any CPU
		{3501EAC5-7FF2-48C4-A06A-86E0C375C1C3}.Release|Any CPU.Build.0 = Release|Any CPU
		{C30EBFCE-3B7B-4047-B0F7-5C75188C1AE7}.Debug|Any CPU.ActiveCfg = Debug|Any CPU
		{C30EBFCE-3B7B-4047-B0F7-5C75188C1AE7}.Debug|Any CPU.Build.0 = Debug|Any CPU
		{C30EBFCE-3B7B-4047-B0F7-5C75188C1AE7}.Release|Any CPU.ActiveCfg = Release|Any CPU
		{C30EBFCE-3B7B-4047-B0F7-5C75188C1AE7}.Release|Any CPU.Build.0 = Release|Any CPU
		{FBC46F44-6C70-4BDF-AE0D-BFCD0831807A}.Debug|Any CPU.ActiveCfg = Debug|Any CPU
		{FBC46F44-6C70-4BDF-AE0D-BFCD0831807A}.Debug|Any CPU.Build.0 = Debug|Any CPU
		{FBC46F44-6C70-4BDF-AE0D-BFCD0831807A}.Release|Any CPU.ActiveCfg = Release|Any CPU
		{FBC46F44-6C70-4BDF-AE0D-BFCD0831807A}.Release|Any CPU.Build.0 = Release|Any CPU
		{74F8BD40-8010-4C23-9D6B-934830E7F0BD}.Debug|Any CPU.ActiveCfg = Debug|Any CPU
		{74F8BD40-8010-4C23-9D6B-934830E7F0BD}.Debug|Any CPU.Build.0 = Debug|Any CPU
		{74F8BD40-8010-4C23-9D6B-934830E7F0BD}.Release|Any CPU.ActiveCfg = Release|Any CPU
		{74F8BD40-8010-4C23-9D6B-934830E7F0BD}.Release|Any CPU.Build.0 = Release|Any CPU
		{8B376B6A-1257-4A27-A248-D58DC7F4C56C}.Debug|Any CPU.ActiveCfg = Debug|Any CPU
		{8B376B6A-1257-4A27-A248-D58DC7F4C56C}.Debug|Any CPU.Build.0 = Debug|Any CPU
		{8B376B6A-1257-4A27-A248-D58DC7F4C56C}.Release|Any CPU.ActiveCfg = Release|Any CPU
		{8B376B6A-1257-4A27-A248-D58DC7F4C56C}.Release|Any CPU.Build.0 = Release|Any CPU
		{6732112E-F742-4C3C-A884-141A5C0305EA}.Debug|Any CPU.ActiveCfg = Debug|Any CPU
		{6732112E-F742-4C3C-A884-141A5C0305EA}.Debug|Any CPU.Build.0 = Debug|Any CPU
		{6732112E-F742-4C3C-A884-141A5C0305EA}.Release|Any CPU.ActiveCfg = Release|Any CPU
		{6732112E-F742-4C3C-A884-141A5C0305EA}.Release|Any CPU.Build.0 = Release|Any CPU
		{2C063F12-B096-472D-80B5-0FEB04B154AA}.Debug|Any CPU.ActiveCfg = Debug|Any CPU
		{2C063F12-B096-472D-80B5-0FEB04B154AA}.Debug|Any CPU.Build.0 = Debug|Any CPU
		{2C063F12-B096-472D-80B5-0FEB04B154AA}.Release|Any CPU.ActiveCfg = Release|Any CPU
		{2C063F12-B096-472D-80B5-0FEB04B154AA}.Release|Any CPU.Build.0 = Release|Any CPU
		{02008A52-439D-4B26-BD18-764FCD85DADD}.Debug|Any CPU.ActiveCfg = Debug|Any CPU
		{02008A52-439D-4B26-BD18-764FCD85DADD}.Debug|Any CPU.Build.0 = Debug|Any CPU
		{02008A52-439D-4B26-BD18-764FCD85DADD}.Release|Any CPU.ActiveCfg = Release|Any CPU
		{02008A52-439D-4B26-BD18-764FCD85DADD}.Release|Any CPU.Build.0 = Release|Any CPU
		{92DF0EA7-2C3A-470F-AE29-CA106D2BD5EC}.Debug|Any CPU.ActiveCfg = Debug|Any CPU
		{92DF0EA7-2C3A-470F-AE29-CA106D2BD5EC}.Debug|Any CPU.Build.0 = Debug|Any CPU
		{92DF0EA7-2C3A-470F-AE29-CA106D2BD5EC}.Release|Any CPU.ActiveCfg = Release|Any CPU
		{92DF0EA7-2C3A-470F-AE29-CA106D2BD5EC}.Release|Any CPU.Build.0 = Release|Any CPU
		{EA51751B-86D6-4028-850A-C55E519F146A}.Debug|Any CPU.ActiveCfg = Debug|Any CPU
		{EA51751B-86D6-4028-850A-C55E519F146A}.Debug|Any CPU.Build.0 = Debug|Any CPU
		{EA51751B-86D6-4028-850A-C55E519F146A}.Release|Any CPU.ActiveCfg = Release|Any CPU
		{EA51751B-86D6-4028-850A-C55E519F146A}.Release|Any CPU.Build.0 = Release|Any CPU
		{683D28B9-C9AA-48D6-9BD2-153F4B41474D}.Debug|Any CPU.ActiveCfg = Debug|Any CPU
		{683D28B9-C9AA-48D6-9BD2-153F4B41474D}.Debug|Any CPU.Build.0 = Debug|Any CPU
		{683D28B9-C9AA-48D6-9BD2-153F4B41474D}.Release|Any CPU.ActiveCfg = Release|Any CPU
		{683D28B9-C9AA-48D6-9BD2-153F4B41474D}.Release|Any CPU.Build.0 = Release|Any CPU
	EndGlobalSection
	GlobalSection(NestedProjects) = preSolution
		{50650065-A8C6-445A-ADEC-80C43DF49FFF} = {66A4096E-71E6-4883-A1CE-6E1D6D94B748}
		{1C24C865-7EAE-489E-80CA-0B7EEA945E69} = {66A4096E-71E6-4883-A1CE-6E1D6D94B748}
		{1A6FABFD-5429-47C3-BCD4-941F0361B393} = {66A4096E-71E6-4883-A1CE-6E1D6D94B748}
		{E2178093-3508-489D-918F-657F815185E9} = {66A4096E-71E6-4883-A1CE-6E1D6D94B748}
		{8702F95C-D264-4B3A-919E-AAF03573FB48} = {66A4096E-71E6-4883-A1CE-6E1D6D94B748}
		{FBA52048-44B1-4090-B223-53DC2F883022} = {66A4096E-71E6-4883-A1CE-6E1D6D94B748}
		{449BF709-5F93-4B71-8B13-B246563B0808} = {66A4096E-71E6-4883-A1CE-6E1D6D94B748}
		{BE5BEB8F-9CDC-4210-A234-E6D5EBD15B8D} = {66A4096E-71E6-4883-A1CE-6E1D6D94B748}
		{D701495C-4C93-4059-AB21-B31B5A8FC980} = {66A4096E-71E6-4883-A1CE-6E1D6D94B748}
		{D975F3C7-4181-4205-85ED-54E4CCF2A223} = {66A4096E-71E6-4883-A1CE-6E1D6D94B748}
		{DB5D2A63-260B-4F2F-9536-5341736DB90F} = {66A4096E-71E6-4883-A1CE-6E1D6D94B748}
		{736A0708-DC2C-4A10-A4A7-09739ADB890F} = {66A4096E-71E6-4883-A1CE-6E1D6D94B748}
		{C7CF9920-81ED-494B-A7FA-F4475BB760C5} = {66A4096E-71E6-4883-A1CE-6E1D6D94B748}
		{549E8CE1-2991-45BF-857C-E713CA1A09E0} = {38F367B8-89B1-4EA4-A832-12A68165F4DF}
		{F712B2FE-8AB6-45B4-A41B-95A414E81029} = {38F367B8-89B1-4EA4-A832-12A68165F4DF}
		{97123CBB-2CC2-4696-AAEE-C4597CDFF2B7} = {38F367B8-89B1-4EA4-A832-12A68165F4DF}
		{97BA2E0B-7191-4797-8721-8E73624F19E9} = {38F367B8-89B1-4EA4-A832-12A68165F4DF}
		{3501EAC5-7FF2-48C4-A06A-86E0C375C1C3} = {38F367B8-89B1-4EA4-A832-12A68165F4DF}
		{C30EBFCE-3B7B-4047-B0F7-5C75188C1AE7} = {38F367B8-89B1-4EA4-A832-12A68165F4DF}
		{FBC46F44-6C70-4BDF-AE0D-BFCD0831807A} = {38F367B8-89B1-4EA4-A832-12A68165F4DF}
		{74F8BD40-8010-4C23-9D6B-934830E7F0BD} = {38F367B8-89B1-4EA4-A832-12A68165F4DF}
		{8B376B6A-1257-4A27-A248-D58DC7F4C56C} = {38F367B8-89B1-4EA4-A832-12A68165F4DF}
		{6732112E-F742-4C3C-A884-141A5C0305EA} = {38F367B8-89B1-4EA4-A832-12A68165F4DF}
		{2C063F12-B096-472D-80B5-0FEB04B154AA} = {38F367B8-89B1-4EA4-A832-12A68165F4DF}
		{02008A52-439D-4B26-BD18-764FCD85DADD} = {66A4096E-71E6-4883-A1CE-6E1D6D94B748}
		{92DF0EA7-2C3A-470F-AE29-CA106D2BD5EC} = {38F367B8-89B1-4EA4-A832-12A68165F4DF}
		{EA51751B-86D6-4028-850A-C55E519F146A} = {66A4096E-71E6-4883-A1CE-6E1D6D94B748}
		{683D28B9-C9AA-48D6-9BD2-153F4B41474D} = {38F367B8-89B1-4EA4-A832-12A68165F4DF}
	EndGlobalSection
EndGlobal
